// !$*UTF8*$!
{
	archiveVersion = 1;
	classes = {
	};
	objectVersion = 46;
	objects = {

/* Begin PBXBuildFile section */
		C3C38E181C4FEA7800249702 /* AppDelegate.swift in Sources */ = {isa = PBXBuildFile; fileRef = C3C38E171C4FEA7800249702 /* AppDelegate.swift */; };
		C3C38E1D1C4FEA7900249702 /* Main.storyboard in Resources */ = {isa = PBXBuildFile; fileRef = C3C38E1B1C4FEA7900249702 /* Main.storyboard */; };
		C3C38E1F1C4FEA7900249702 /* Assets.xcassets in Resources */ = {isa = PBXBuildFile; fileRef = C3C38E1E1C4FEA7900249702 /* Assets.xcassets */; };
		C3C38E221C4FEA7900249702 /* LaunchScreen.storyboard in Resources */ = {isa = PBXBuildFile; fileRef = C3C38E201C4FEA7900249702 /* LaunchScreen.storyboard */; };
		C3C38E2A1C4FEFD600249702 /* QuizViewController.swift in Sources */ = {isa = PBXBuildFile; fileRef = C3C38E291C4FEFD600249702 /* QuizViewController.swift */; };
		C3C38E2C1C4FF0B400249702 /* Question.swift in Sources */ = {isa = PBXBuildFile; fileRef = C3C38E2B1C4FF0B400249702 /* Question.swift */; };
		C3C38E2E1C4FF9CB00249702 /* ViewWithButton.swift in Sources */ = {isa = PBXBuildFile; fileRef = C3C38E2D1C4FF9CB00249702 /* ViewWithButton.swift */; };
/* End PBXBuildFile section */

/* Begin PBXFileReference section */
		C3C38E141C4FEA7800249702 /* Victorina.app */ = {isa = PBXFileReference; explicitFileType = wrapper.application; includeInIndex = 0; path = Victorina.app; sourceTree = BUILT_PRODUCTS_DIR; };
		C3C38E171C4FEA7800249702 /* AppDelegate.swift */ = {isa = PBXFileReference; lastKnownFileType = sourcecode.swift; path = AppDelegate.swift; sourceTree = "<group>"; };
		C3C38E1C1C4FEA7900249702 /* Base */ = {isa = PBXFileReference; lastKnownFileType = file.storyboard; name = Base; path = Base.lproj/Main.storyboard; sourceTree = "<group>"; };
		C3C38E1E1C4FEA7900249702 /* Assets.xcassets */ = {isa = PBXFileReference; lastKnownFileType = folder.assetcatalog; path = Assets.xcassets; sourceTree = "<group>"; };
		C3C38E211C4FEA7900249702 /* Base */ = {isa = PBXFileReference; lastKnownFileType = file.storyboard; name = Base; path = Base.lproj/LaunchScreen.storyboard; sourceTree = "<group>"; };
		C3C38E231C4FEA7900249702 /* Info.plist */ = {isa = PBXFileReference; lastKnownFileType = text.plist.xml; path = Info.plist; sourceTree = "<group>"; };
		C3C38E291C4FEFD600249702 /* QuizViewController.swift */ = {isa = PBXFileReference; fileEncoding = 4; lastKnownFileType = sourcecode.swift; path = QuizViewController.swift; sourceTree = "<group>"; };
		C3C38E2B1C4FF0B400249702 /* Question.swift */ = {isa = PBXFileReference; fileEncoding = 4; lastKnownFileType = sourcecode.swift; path = Question.swift; sourceTree = "<group>"; };
		C3C38E2D1C4FF9CB00249702 /* ViewWithButton.swift */ = {isa = PBXFileReference; fileEncoding = 4; lastKnownFileType = sourcecode.swift; path = ViewWithButton.swift; sourceTree = "<group>"; };
/* End PBXFileReference section */

/* Begin PBXFrameworksBuildPhase section */
		C3C38E111C4FEA7800249702 /* Frameworks */ = {
			isa = PBXFrameworksBuildPhase;
			buildActionMask = 2147483647;
			files = (
			);
			runOnlyForDeploymentPostprocessing = 0;
		};
/* End PBXFrameworksBuildPhase section */

/* Begin PBXGroup section */
		C3C38E0B1C4FEA7800249702 = {
			isa = PBXGroup;
			children = (
				C3C38E161C4FEA7800249702 /* Victorina */,
				C3C38E151C4FEA7800249702 /* Products */,
			);
			sourceTree = "<group>";
		};
		C3C38E151C4FEA7800249702 /* Products */ = {
			isa = PBXGroup;
			children = (
				C3C38E141C4FEA7800249702 /* Victorina.app */,
			);
			name = Products;
			sourceTree = "<group>";
		};
		C3C38E161C4FEA7800249702 /* Victorina */ = {
			isa = PBXGroup;
			children = (
				C3C38E171C4FEA7800249702 /* AppDelegate.swift */,
				C3C38E1B1C4FEA7900249702 /* Main.storyboard */,
				C3C38E1E1C4FEA7900249702 /* Assets.xcassets */,
				C3C38E291C4FEFD600249702 /* QuizViewController.swift */,
				C3C38E201C4FEA7900249702 /* LaunchScreen.storyboard */,
				C3C38E231C4FEA7900249702 /* Info.plist */,
				C3C38E2B1C4FF0B400249702 /* Question.swift */,
				C3C38E2D1C4FF9CB00249702 /* ViewWithButton.swift */,
			);
			path = Victorina;
			sourceTree = "<group>";
		};
/* End PBXGroup section */

/* Begin PBXNativeTarget section */
		C3C38E131C4FEA7800249702 /* Victorina */ = {
			isa = PBXNativeTarget;
			buildConfigurationList = C3C38E261C4FEA7900249702 /* Build configuration list for PBXNativeTarget "Victorina" */;
			buildPhases = (
				C3C38E101C4FEA7800249702 /* Sources */,
				C3C38E111C4FEA7800249702 /* Frameworks */,
				C3C38E121C4FEA7800249702 /* Resources */,
			);
			buildRules = (
			);
			dependencies = (
			);
			name = Victorina;
			productName = Victorina;
			productReference = C3C38E141C4FEA7800249702 /* Victorina.app */;
			productType = "com.apple.product-type.application";
		};
/* End PBXNativeTarget section */

/* Begin PBXProject section */
		C3C38E0C1C4FEA7800249702 /* Project object */ = {
			isa = PBXProject;
			attributes = {
				LastSwiftUpdateCheck = 0720;
				LastUpgradeCheck = 0720;
				ORGANIZATIONNAME = administrator;
				TargetAttributes = {
					C3C38E131C4FEA7800249702 = {
						CreatedOnToolsVersion = 7.2;
					};
				};
			};
			buildConfigurationList = C3C38E0F1C4FEA7800249702 /* Build configuration list for PBXProject "Victorina" */;
			compatibilityVersion = "Xcode 3.2";
			developmentRegion = English;
			hasScannedForEncodings = 0;
			knownRegions = (
				en,
				Base,
			);
			mainGroup = C3C38E0B1C4FEA7800249702;
			productRefGroup = C3C38E151C4FEA7800249702 /* Products */;
			projectDirPath = "";
			projectRoot = "";
			targets = (
				C3C38E131C4FEA7800249702 /* Victorina */,
			);
		};
/* End PBXProject section */

/* Begin PBXResourcesBuildPhase section */
		C3C38E121C4FEA7800249702 /* Resources */ = {
			isa = PBXResourcesBuildPhase;
			buildActionMask = 2147483647;
			files = (
				C3C38E221C4FEA7900249702 /* LaunchScreen.storyboard in Resources */,
				C3C38E1F1C4FEA7900249702 /* Assets.xcassets in Resources */,
				C3C38E1D1C4FEA7900249702 /* Main.storyboard in Resources */,
			);
			runOnlyForDeploymentPostprocessing = 0;
		};
/* End PBXResourcesBuildPhase section */

/* Begin PBXSourcesBuildPhase section */
		C3C38E101C4FEA7800249702 /* Sources */ = {
			isa = PBXSourcesBuildPhase;
			buildActionMask = 2147483647;
			files = (
				C3C38E2C1C4FF0B400249702 /* Question.swift in Sources */,
				C3C38E181C4FEA7800249702 /* AppDelegate.swift in Sources */,
				C3C38E2E1C4FF9CB00249702 /* ViewWithButton.swift in Sources */,
				C3C38E2A1C4FEFD600249702 /* QuizViewController.swift in Sources */,
			);
			runOnlyForDeploymentPostprocessing = 0;
		};
/* End PBXSourcesBuildPhase section */

/* Begin PBXVariantGroup section */
		C3C38E1B1C4FEA7900249702 /* Main.storyboard */ = {
			isa = PBXVariantGroup;
			children = (
				C3C38E1C1C4FEA7900249702 /* Base */,
			);
			name = Main.storyboard;
			sourceTree = "<group>";
		};
		C3C38E201C4FEA7900249702 /* LaunchScreen.storyboard */ = {
			isa = PBXVariantGroup;
			children = (
				C3C38E211C4FEA7900249702 /* Base */,
			);
			name = LaunchScreen.storyboard;
			sourceTree = "<group>";
		};
/* End PBXVariantGroup section */

/* Begin XCBuildConfiguration section */
		C3C38E241C4FEA7900249702 /* Debug */ = {
			isa = XCBuildConfiguration;
			buildSettings = {
				ALWAYS_SEARCH_USER_PATHS = NO;
				CLANG_CXX_LANGUAGE_STANDARD = "gnu++0x";
				CLANG_CXX_LIBRARY = "libc++";
				CLANG_ENABLE_MODULES = YES;
				CLANG_ENABLE_OBJC_ARC = YES;
				CLANG_WARN_BOOL_CONVERSION = YES;
				CLANG_WARN_CONSTANT_CONVERSION = YES;
				CLANG_WARN_DIRECT_OBJC_ISA_USAGE = YES_ERROR;
				CLANG_WARN_EMPTY_BODY = YES;
				CLANG_WARN_ENUM_CONVERSION = YES;
				CLANG_WARN_INT_CONVERSION = YES;
				CLANG_WARN_OBJC_ROOT_CLASS = YES_ERROR;
				CLANG_WARN_UNREACHABLE_CODE = YES;
				CLANG_WARN__DUPLICATE_METHOD_MATCH = YES;
				"CODE_SIGN_IDENTITY[sdk=iphoneos*]" = "iPhone Developer";
				COPY_PHASE_STRIP = NO;
				DEBUG_INFORMATION_FORMAT = dwarf;
				ENABLE_STRICT_OBJC_MSGSEND = YES;
				ENABLE_TESTABILITY = YES;
				GCC_C_LANGUAGE_STANDARD = gnu99;
				GCC_DYNAMIC_NO_PIC = NO;
				GCC_NO_COMMON_BLOCKS = YES;
				GCC_OPTIMIZATION_LEVEL = 0;
				GCC_PREPROCESSOR_DEFINITIONS = (
					"DEBUG=1",
					"$(inherited)",
				);
				GCC_WARN_64_TO_32_BIT_CONVERSION = YES;
				GCC_WARN_ABOUT_RETURN_TYPE = YES_ERROR;
				GCC_WARN_UNDECLARED_SELECTOR = YES;
				GCC_WARN_UNINITIALIZED_AUTOS = YES_AGGRESSIVE;
				GCC_WARN_UNUSED_FUNCTION = YES;
				GCC_WARN_UNUSED_VARIABLE = YES;
				IPHONEOS_DEPLOYMENT_TARGET = 9.2;
				MTL_ENABLE_DEBUG_INFO = YES;
				ONLY_ACTIVE_ARCH = YES;
				SDKROOT = iphoneos;
				SWIFT_OPTIMIZATION_LEVEL = "-Onone";
				TARGETED_DEVICE_FAMILY = "1,2";
			};
			name = Debug;
		};
		C3C38E251C4FEA7900249702 /* Release */ = {
			isa = XCBuildConfiguration;
			buildSettings = {
				ALWAYS_SEARCH_USER_PATHS = NO;
				CLANG_CXX_LANGUAGE_STANDARD = "gnu++0x";
				CLANG_CXX_LIBRARY = "libc++";
				CLANG_ENABLE_MODULES = YES;
				CLANG_ENABLE_OBJC_ARC = YES;
				CLANG_WARN_BOOL_CONVERSION = YES;
				CLANG_WARN_CONSTANT_CONVERSION = YES;
				CLANG_WARN_DIRECT_OBJC_ISA_USAGE = YES_ERROR;
				CLANG_WARN_EMPTY_BODY = YES;
				CLANG_WARN_ENUM_CONVERSION = YES;
				CLANG_WARN_INT_CONVERSION = YES;
				CLANG_WARN_OBJC_ROOT_CLASS = YES_ERROR;
				CLANG_WARN_UNREACHABLE_CODE = YES;
				CLANG_WARN__DUPLICATE_METHOD_MATCH = YES;
				"CODE_SIGN_IDENTITY[sdk=iphoneos*]" = "iPhone Developer";
				COPY_PHASE_STRIP = NO;
				DEBUG_INFORMATION_FORMAT = "dwarf-with-dsym";
				ENABLE_NS_ASSERTIONS = NO;
				ENABLE_STRICT_OBJC_MSGSEND = YES;
				GCC_C_LANGUAGE_STANDARD = gnu99;
				GCC_NO_COMMON_BLOCKS = YES;
				GCC_WARN_64_TO_32_BIT_CONVERSION = YES;
				GCC_WARN_ABOUT_RETURN_TYPE = YES_ERROR;
				GCC_WARN_UNDECLARED_SELECTOR = YES;
				GCC_WARN_UNINITIALIZED_AUTOS = YES_AGGRESSIVE;
				GCC_WARN_UNUSED_FUNCTION = YES;
				GCC_WARN_UNUSED_VARIABLE = YES;
				IPHONEOS_DEPLOYMENT_TARGET = 9.2;
				MTL_ENABLE_DEBUG_INFO = NO;
				SDKROOT = iphoneos;
				TARGETED_DEVICE_FAMILY = "1,2";
				VALIDATE_PRODUCT = YES;
			};
			name = Release;
		};
		C3C38E271C4FEA7900249702 /* Debug */ = {
			isa = XCBuildConfiguration;
			buildSettings = {
				ASSETCATALOG_COMPILER_APPICON_NAME = AppIcon;
				INFOPLIST_FILE = Victorina/Info.plist;
				LD_RUNPATH_SEARCH_PATHS = "$(inherited) @executable_path/Frameworks";
				PRODUCT_BUNDLE_IDENTIFIER = ios.awe.Victorina;
				PRODUCT_NAME = "$(TARGET_NAME)";
			};
			name = Debug;
		};
		C3C38E281C4FEA7900249702 /* Release */ = {
			isa = XCBuildConfiguration;
			buildSettings = {
				ASSETCATALOG_COMPILER_APPICON_NAME = AppIcon;
				INFOPLIST_FILE = Victorina/Info.plist;
				LD_RUNPATH_SEARCH_PATHS = "$(inherited) @executable_path/Frameworks";
				PRODUCT_BUNDLE_IDENTIFIER = ios.awe.Victorina;
				PRODUCT_NAME = "$(TARGET_NAME)";
			};
			name = Release;
		};
/* End XCBuildConfiguration section */

/* Begin XCConfigurationList section */
		C3C38E0F1C4FEA7800249702 /* Build configuration list for PBXProject "Victorina" */ = {
			isa = XCConfigurationList;
			buildConfigurations = (
				C3C38E241C4FEA7900249702 /* Debug */,
				C3C38E251C4FEA7900249702 /* Release */,
			);
			defaultConfigurationIsVisible = 0;
			defaultConfigurationName = Release;
		};
		C3C38E261C4FEA7900249702 /* Build configuration list for PBXNativeTarget "Victorina" */ = {
			isa = XCConfigurationList;
			buildConfigurations = (
				C3C38E271C4FEA7900249702 /* Debug */,
				C3C38E281C4FEA7900249702 /* Release */,
			);
			defaultConfigurationIsVisible = 0;
		};
/* End XCConfigurationList section */
	};
	rootObject = C3C38E0C1C4FEA7800249702 /* Project object */;
}
